
Microsoft Visual Studio Solution File, Format Version 12.00
# Visual Studio 14
VisualStudioVersion = 14.0.25123.0
MinimumVisualStudioVersion = 10.0.40219.1
Project("{FAE04EC0-301F-11D3-BF4B-00C04F79EFBC}") = "SimpleHmi", "SimpleHmi\SimpleHmi.csproj", "{930769FC-398D-4EB3-AC1A-6D327DC97361}"
EndProject
Project("{FAE04EC0-301F-11D3-BF4B-00C04F79EFBC}") = "SimpleHmi.PlcService", "SimpleHmi.PlcService\SimpleHmi.PlcService.csproj", "{A0E2D2E4-D844-4E4C-AE1A-CB5A3EC98C11}"
EndProject
Project("{FAE04EC0-301F-11D3-BF4B-00C04F79EFBC}") = "Sharp7Library", "Sharp7Library\Sharp7Library.csproj", "{FBB02712-17F3-448D-A5B5-F2BCD7072BB6}"
EndProject
Global
	GlobalSection(SolutionConfigurationPlatforms) = preSolution
		Debug|Any CPU = Debug|Any CPU
		Release|Any CPU = Release|Any CPU
	EndGlobalSection
	GlobalSection(ProjectConfigurationPlatforms) = postSolution
		{930769FC-398D-4EB3-AC1A-6D327DC97361}.Debug|Any CPU.ActiveCfg = Debug|Any CPU
		{930769FC-398D-4EB3-AC1A-6D327DC97361}.Debug|Any CPU.Build.0 = Debug|Any CPU
		{930769FC-398D-4EB3-AC1A-6D327DC97361}.Release|Any CPU.ActiveCfg = Release|Any CPU
		{930769FC-398D-4EB3-AC1A-6D327DC97361}.Release|Any CPU.Build.0 = Release|Any CPU
		{A0E2D2E4-D844-4E4C-AE1A-CB5A3EC98C11}.Debug|Any CPU.ActiveCfg = Debug|Any CPU
		{A0E2D2E4-D844-4E4C-AE1A-CB5A3EC98C11}.Debug|Any CPU.Build.0 = Debug|Any CPU
		{A0E2D2E4-D844-4E4C-AE1A-CB5A3EC98C11}.Release|Any CPU.ActiveCfg = Release|Any CPU
		{A0E2D2E4-D844-4E4C-AE1A-CB5A3EC98C11}.Release|Any CPU.Build.0 = Release|Any CPU
		{FBB02712-17F3-448D-A5B5-F2BCD7072BB6}.Debug|Any CPU.ActiveCfg = Debug|Any CPU
		{FBB02712-17F3-448D-A5B5-F2BCD7072BB6}.Debug|Any CPU.Build.0 = Debug|Any CPU
		{FBB02712-17F3-448D-A5B5-F2BCD7072BB6}.Release|Any CPU.ActiveCfg = Release|Any CPU
		{FBB02712-17F3-448D-A5B5-F2BCD7072BB6}.Release|Any CPU.Build.0 = Release|Any CPU
	EndGlobalSection
	GlobalSection(SolutionProperties) = preSolution
		HideSolutionNode = FALSE
	EndGlobalSection
EndGlobal
